// !$*UTF8*$!
{
	archiveVersion = 1;
	classes = {
	};
	objectVersion = 46;
	objects = {

/* Begin PBXBuildFile section */
		CC464D4C1F2DF3DE0099F862 /* main.m in Sources */ = {isa = PBXBuildFile; fileRef = CC464D4B1F2DF3DE0099F862 /* main.m */; };
		CC464D571F2DF3DE0099F862 /* Assets.xcassets in Resources */ = {isa = PBXBuildFile; fileRef = CC464D561F2DF3DE0099F862 /* Assets.xcassets */; };
		CC464D5A1F2DF3DE0099F862 /* LaunchScreen.storyboard in Resources */ = {isa = PBXBuildFile; fileRef = CC464D581F2DF3DE0099F862 /* LaunchScreen.storyboard */; };
		CC464D6E1F2DF4A60099F862 /* AppDelegate.m in Sources */ = {isa = PBXBuildFile; fileRef = CC464D6D1F2DF4A60099F862 /* AppDelegate.m */; };
		CC464DC01F2DF9200099F862 /* AFHTTPSessionManager.m in Sources */ = {isa = PBXBuildFile; fileRef = CC464D721F2DF9200099F862 /* AFHTTPSessionManager.m */; };
		CC464DC11F2DF9200099F862 /* AFNetworkReachabilityManager.m in Sources */ = {isa = PBXBuildFile; fileRef = CC464D751F2DF9200099F862 /* AFNetworkReachabilityManager.m */; };
		CC464DC21F2DF9200099F862 /* AFSecurityPolicy.m in Sources */ = {isa = PBXBuildFile; fileRef = CC464D771F2DF9200099F862 /* AFSecurityPolicy.m */; };
		CC464DC31F2DF9200099F862 /* AFURLRequestSerialization.m in Sources */ = {isa = PBXBuildFile; fileRef = CC464D791F2DF9200099F862 /* AFURLRequestSerialization.m */; };
		CC464DC41F2DF9200099F862 /* AFURLResponseSerialization.m in Sources */ = {isa = PBXBuildFile; fileRef = CC464D7B1F2DF9200099F862 /* AFURLResponseSerialization.m */; };
		CC464DC51F2DF9200099F862 /* AFURLSessionManager.m in Sources */ = {isa = PBXBuildFile; fileRef = CC464D7D1F2DF9200099F862 /* AFURLSessionManager.m */; };
		CC464DC61F2DF9200099F862 /* MASCompositeConstraint.m in Sources */ = {isa = PBXBuildFile; fileRef = CC464D801F2DF9200099F862 /* MASCompositeConstraint.m */; };
		CC464DC71F2DF9200099F862 /* MASConstraint.m in Sources */ = {isa = PBXBuildFile; fileRef = CC464D831F2DF9200099F862 /* MASConstraint.m */; };
		CC464DC81F2DF9200099F862 /* MASConstraintMaker.m in Sources */ = {isa = PBXBuildFile; fileRef = CC464D851F2DF9200099F862 /* MASConstraintMaker.m */; };
		CC464DC91F2DF9200099F862 /* MASLayoutConstraint.m in Sources */ = {isa = PBXBuildFile; fileRef = CC464D871F2DF9200099F862 /* MASLayoutConstraint.m */; };
		CC464DCA1F2DF9200099F862 /* MASViewAttribute.m in Sources */ = {isa = PBXBuildFile; fileRef = CC464D8B1F2DF9200099F862 /* MASViewAttribute.m */; };
		CC464DCB1F2DF9200099F862 /* MASViewConstraint.m in Sources */ = {isa = PBXBuildFile; fileRef = CC464D8D1F2DF9200099F862 /* MASViewConstraint.m */; };
		CC464DCC1F2DF9200099F862 /* NSArray+MASAdditions.m in Sources */ = {isa = PBXBuildFile; fileRef = CC464D8F1F2DF9200099F862 /* NSArray+MASAdditions.m */; };
		CC464DCD1F2DF9200099F862 /* NSLayoutConstraint+MASDebugAdditions.m in Sources */ = {isa = PBXBuildFile; fileRef = CC464D921F2DF9200099F862 /* NSLayoutConstraint+MASDebugAdditions.m */; };
		CC464DCE1F2DF9200099F862 /* View+MASAdditions.m in Sources */ = {isa = PBXBuildFile; fileRef = CC464D941F2DF9200099F862 /* View+MASAdditions.m */; };
		CC464DCF1F2DF9200099F862 /* ViewController+MASAdditions.m in Sources */ = {isa = PBXBuildFile; fileRef = CC464D971F2DF9200099F862 /* ViewController+MASAdditions.m */; };
		CC464DD01F2DF9200099F862 /* MKAnnotationView+WebCache.m in Sources */ = {isa = PBXBuildFile; fileRef = CC464D9A1F2DF9200099F862 /* MKAnnotationView+WebCache.m */; };
		CC464DD11F2DF9200099F862 /* NSData+ImageContentType.m in Sources */ = {isa = PBXBuildFile; fileRef = CC464D9C1F2DF9200099F862 /* NSData+ImageContentType.m */; };
		CC464DD21F2DF9200099F862 /* NSImage+WebCache.m in Sources */ = {isa = PBXBuildFile; fileRef = CC464D9E1F2DF9200099F862 /* NSImage+WebCache.m */; };
		CC464DD31F2DF9200099F862 /* SDImageCache.m in Sources */ = {isa = PBXBuildFile; fileRef = CC464DA01F2DF9200099F862 /* SDImageCache.m */; };
		CC464DD41F2DF9200099F862 /* SDImageCacheConfig.m in Sources */ = {isa = PBXBuildFile; fileRef = CC464DA21F2DF9200099F862 /* SDImageCacheConfig.m */; };
		CC464DD51F2DF9200099F862 /* SDWebImageCompat.m in Sources */ = {isa = PBXBuildFile; fileRef = CC464DA41F2DF9200099F862 /* SDWebImageCompat.m */; };
		CC464DD61F2DF9200099F862 /* SDWebImageDecoder.m in Sources */ = {isa = PBXBuildFile; fileRef = CC464DA61F2DF9200099F862 /* SDWebImageDecoder.m */; };
		CC464DD71F2DF9200099F862 /* SDWebImageDownloader.m in Sources */ = {isa = PBXBuildFile; fileRef = CC464DA81F2DF9200099F862 /* SDWebImageDownloader.m */; };
		CC464DD81F2DF9200099F862 /* SDWebImageDownloaderOperation.m in Sources */ = {isa = PBXBuildFile; fileRef = CC464DAA1F2DF9200099F862 /* SDWebImageDownloaderOperation.m */; };
		CC464DD91F2DF9200099F862 /* SDWebImageManager.m in Sources */ = {isa = PBXBuildFile; fileRef = CC464DAC1F2DF9200099F862 /* SDWebImageManager.m */; };
		CC464DDA1F2DF9200099F862 /* SDWebImagePrefetcher.m in Sources */ = {isa = PBXBuildFile; fileRef = CC464DAF1F2DF9200099F862 /* SDWebImagePrefetcher.m */; };
		CC464DDB1F2DF9200099F862 /* UIButton+WebCache.m in Sources */ = {isa = PBXBuildFile; fileRef = CC464DB11F2DF9200099F862 /* UIButton+WebCache.m */; };
		CC464DDC1F2DF9200099F862 /* UIImage+GIF.m in Sources */ = {isa = PBXBuildFile; fileRef = CC464DB31F2DF9200099F862 /* UIImage+GIF.m */; };
		CC464DDD1F2DF9200099F862 /* UIImage+MultiFormat.m in Sources */ = {isa = PBXBuildFile; fileRef = CC464DB51F2DF9200099F862 /* UIImage+MultiFormat.m */; };
		CC464DDE1F2DF9200099F862 /* UIImage+WebP.m in Sources */ = {isa = PBXBuildFile; fileRef = CC464DB71F2DF9200099F862 /* UIImage+WebP.m */; };
		CC464DDF1F2DF9200099F862 /* UIImageView+HighlightedWebCache.m in Sources */ = {isa = PBXBuildFile; fileRef = CC464DB91F2DF9200099F862 /* UIImageView+HighlightedWebCache.m */; };
		CC464DE01F2DF9200099F862 /* UIImageView+WebCache.m in Sources */ = {isa = PBXBuildFile; fileRef = CC464DBB1F2DF9200099F862 /* UIImageView+WebCache.m */; };
		CC464DE11F2DF9200099F862 /* UIView+WebCache.m in Sources */ = {isa = PBXBuildFile; fileRef = CC464DBD1F2DF9200099F862 /* UIView+WebCache.m */; };
		CC464DE21F2DF9200099F862 /* UIView+WebCacheOperation.m in Sources */ = {isa = PBXBuildFile; fileRef = CC464DBF1F2DF9200099F862 /* UIView+WebCacheOperation.m */; };
		CC464DE51F2DF9C00099F862 /* MTShopController.m in Sources */ = {isa = PBXBuildFile; fileRef = CC464DE41F2DF9C00099F862 /* MTShopController.m */; };
		CC464DEB1F2DFB250099F862 /* MTNavigationController.m in Sources */ = {isa = PBXBuildFile; fileRef = CC464DEA1F2DFB250099F862 /* MTNavigationController.m */; };
		CC464DEE1F2DFC860099F862 /* MTNavigationBar.m in Sources */ = {isa = PBXBuildFile; fileRef = CC464DED1F2DFC860099F862 /* MTNavigationBar.m */; };
		CC464DF11F2E01B40099F862 /* MTBaseController.m in Sources */ = {isa = PBXBuildFile; fileRef = CC464DF01F2E01B40099F862 /* MTBaseController.m */; };
		CC5737DD1F2E2606003F6723 /* NSNumber+MTNumberAddition.m in Sources */ = {isa = PBXBuildFile; fileRef = CC5737DC1F2E2606003F6723 /* NSNumber+MTNumberAddition.m */; };
		CC8CEFDE1F315DDB00D10B2A /* food.json in Resources */ = {isa = PBXBuildFile; fileRef = CC8CEFDD1F315DDB00D10B2A /* food.json */; };
		CC8CF0071F31E68100D10B2A /* UIView+FindController.m in Sources */ = {isa = PBXBuildFile; fileRef = CC8CF0061F31E68100D10B2A /* UIView+FindController.m */; };
		CC8CF00A1F31EFD000D10B2A /* UILabel+Addition.m in Sources */ = {isa = PBXBuildFile; fileRef = CC8CF0091F31EFD000D10B2A /* UILabel+Addition.m */; };
		CC8CF00E1F32051500D10B2A /* AnimatorTransitioningDelegate.m in Sources */ = {isa = PBXBuildFile; fileRef = CC8CF00D1F32051500D10B2A /* AnimatorTransitioningDelegate.m */; };
		CC8CF0181F32222500D10B2A /* MTFoodListController.m in Sources */ = {isa = PBXBuildFile; fileRef = CC8CF0171F32222500D10B2A /* MTFoodListController.m */; };
		CC8CF0211F3225CF00D10B2A /* MTCategoryFoodModel.m in Sources */ = {isa = PBXBuildFile; fileRef = CC8CF0201F3225CF00D10B2A /* MTCategoryFoodModel.m */; };
		CC8CF0231F3232F900D10B2A /* food.json in Resources */ = {isa = PBXBuildFile; fileRef = CC8CF0221F3232F900D10B2A /* food.json */; };
		CC8CF0291F32351F00D10B2A /* MTCategoryFoodCell.m in Sources */ = {isa = PBXBuildFile; fileRef = CC8CF0281F32351F00D10B2A /* MTCategoryFoodCell.m */; };
		CC8CF02C1F32A70300D10B2A /* MTFoodModel.m in Sources */ = {isa = PBXBuildFile; fileRef = CC8CF02B1F32A70300D10B2A /* MTFoodModel.m */; };
		CC8CF02F1F32DA7300D10B2A /* UIColor+Addition.m in Sources */ = {isa = PBXBuildFile; fileRef = CC8CF02E1F32DA7300D10B2A /* UIColor+Addition.m */; };
		CC8CF0361F32E41F00D10B2A /* MTFoodCell.m in Sources */ = {isa = PBXBuildFile; fileRef = CC8CF0341F32E41F00D10B2A /* MTFoodCell.m */; };
		CC9A57AC1F2F51CE005D91DA /* MTOrderController.m in Sources */ = {isa = PBXBuildFile; fileRef = CC9A57AB1F2F51CE005D91DA /* MTOrderController.m */; };
		CC9A57AF1F2F51D9005D91DA /* MTCommentController.m in Sources */ = {isa = PBXBuildFile; fileRef = CC9A57AE1F2F51D9005D91DA /* MTCommentController.m */; };
		CC9A57B21F2F51E2005D91DA /* MTInfoController.m in Sources */ = {isa = PBXBuildFile; fileRef = CC9A57B11F2F51E2005D91DA /* MTInfoController.m */; };
		CC9A57B61F2F69FB005D91DA /* MTHeaderView.m in Sources */ = {isa = PBXBuildFile; fileRef = CC9A57B51F2F69FB005D91DA /* MTHeaderView.m */; };
		CC9A57B91F2F7AE9005D91DA /* UIImage+DashLine.m in Sources */ = {isa = PBXBuildFile; fileRef = CC9A57B81F2F7AE9005D91DA /* UIImage+DashLine.m */; };
		CC9A57BD1F2F808A005D91DA /* MTPOI_SHOP_Model.m in Sources */ = {isa = PBXBuildFile; fileRef = CC9A57BC1F2F808A005D91DA /* MTPOI_SHOP_Model.m */; };
		CC9A57C01F3027FC005D91DA /* MTDiscount2Model.m in Sources */ = {isa = PBXBuildFile; fileRef = CC9A57BF1F3027FC005D91DA /* MTDiscount2Model.m */; };
		CC9A57C31F302A95005D91DA /* MTLoopInfoView.m in Sources */ = {isa = PBXBuildFile; fileRef = CC9A57C21F302A95005D91DA /* MTLoopInfoView.m */; };
		CC9A57C61F30344B005D91DA /* MTLoopInfoContainerView.m in Sources */ = {isa = PBXBuildFile; fileRef = CC9A57C51F30344B005D91DA /* MTLoopInfoContainerView.m */; };
		CCA0E5F01F333A7A000C2E0B /* MTFoodListSectionHeaderView.m in Sources */ = {isa = PBXBuildFile; fileRef = CCA0E5EF1F333A7A000C2E0B /* MTFoodListSectionHeaderView.m */; };
		CCA0E5F31F333CBD000C2E0B /* MTOrderCountView.m in Sources */ = {isa = PBXBuildFile; fileRef = CCA0E5F21F333CBD000C2E0B /* MTOrderCountView.m */; };
		CCE626681F3387210034CE16 /* MTFoodDetailController.m in Sources */ = {isa = PBXBuildFile; fileRef = CCE626671F3387210034CE16 /* MTFoodDetailController.m */; };
		CCE6266E1F3388040034CE16 /* MTFoodDetailFlowLayout.m in Sources */ = {isa = PBXBuildFile; fileRef = CCE6266D1F3388040034CE16 /* MTFoodDetailFlowLayout.m */; };
		CCE626711F3389550034CE16 /* MTFoodDetailCell.m in Sources */ = {isa = PBXBuildFile; fileRef = CCE626701F3389550034CE16 /* MTFoodDetailCell.m */; };
/* End PBXBuildFile section */

/* Begin PBXFileReference section */
		CC464D471F2DF3DE0099F862 /* MTWaiMai.app */ = {isa = PBXFileReference; explicitFileType = wrapper.application; includeInIndex = 0; path = MTWaiMai.app; sourceTree = BUILT_PRODUCTS_DIR; };
		CC464D4B1F2DF3DE0099F862 /* main.m */ = {isa = PBXFileReference; lastKnownFileType = sourcecode.c.objc; path = main.m; sourceTree = "<group>"; };
		CC464D561F2DF3DE0099F862 /* Assets.xcassets */ = {isa = PBXFileReference; lastKnownFileType = folder.assetcatalog; path = Assets.xcassets; sourceTree = "<group>"; };
		CC464D591F2DF3DE0099F862 /* Base */ = {isa = PBXFileReference; lastKnownFileType = file.storyboard; name = Base; path = Base.lproj/LaunchScreen.storyboard; sourceTree = "<group>"; };
		CC464D5B1F2DF3DE0099F862 /* Info.plist */ = {isa = PBXFileReference; lastKnownFileType = text.plist.xml; path = Info.plist; sourceTree = "<group>"; };
		CC464D6C1F2DF4A60099F862 /* AppDelegate.h */ = {isa = PBXFileReference; fileEncoding = 4; lastKnownFileType = sourcecode.c.h; path = AppDelegate.h; sourceTree = "<group>"; };
		CC464D6D1F2DF4A60099F862 /* AppDelegate.m */ = {isa = PBXFileReference; fileEncoding = 4; lastKnownFileType = sourcecode.c.objc; path = AppDelegate.m; sourceTree = "<group>"; };
		CC464D6F1F2DF8D70099F862 /* MTWaiMai-PrefixHeader.pch */ = {isa = PBXFileReference; lastKnownFileType = sourcecode.c.h; path = "MTWaiMai-PrefixHeader.pch"; sourceTree = "<group>"; };
		CC464D711F2DF9200099F862 /* AFHTTPSessionManager.h */ = {isa = PBXFileReference; fileEncoding = 4; lastKnownFileType = sourcecode.c.h; path = AFHTTPSessionManager.h; sourceTree = "<group>"; };
		CC464D721F2DF9200099F862 /* AFHTTPSessionManager.m */ = {isa = PBXFileReference; fileEncoding = 4; lastKnownFileType = sourcecode.c.objc; path = AFHTTPSessionManager.m; sourceTree = "<group>"; };
		CC464D731F2DF9200099F862 /* AFNetworking.h */ = {isa = PBXFileReference; fileEncoding = 4; lastKnownFileType = sourcecode.c.h; path = AFNetworking.h; sourceTree = "<group>"; };
		CC464D741F2DF9200099F862 /* AFNetworkReachabilityManager.h */ = {isa = PBXFileReference; fileEncoding = 4; lastKnownFileType = sourcecode.c.h; path = AFNetworkReachabilityManager.h; sourceTree = "<group>"; };
		CC464D751F2DF9200099F862 /* AFNetworkReachabilityManager.m */ = {isa = PBXFileReference; fileEncoding = 4; lastKnownFileType = sourcecode.c.objc; path = AFNetworkReachabilityManager.m; sourceTree = "<group>"; };
		CC464D761F2DF9200099F862 /* AFSecurityPolicy.h */ = {isa = PBXFileReference; fileEncoding = 4; lastKnownFileType = sourcecode.c.h; path = AFSecurityPolicy.h; sourceTree = "<group>"; };
		CC464D771F2DF9200099F862 /* AFSecurityPolicy.m */ = {isa = PBXFileReference; fileEncoding = 4; lastKnownFileType = sourcecode.c.objc; path = AFSecurityPolicy.m; sourceTree = "<group>"; };
		CC464D781F2DF9200099F862 /* AFURLRequestSerialization.h */ = {isa = PBXFileReference; fileEncoding = 4; lastKnownFileType = sourcecode.c.h; path = AFURLRequestSerialization.h; sourceTree = "<group>"; };
		CC464D791F2DF9200099F862 /* AFURLRequestSerialization.m */ = {isa = PBXFileReference; fileEncoding = 4; lastKnownFileType = sourcecode.c.objc; path = AFURLRequestSerialization.m; sourceTree = "<group>"; };
		CC464D7A1F2DF9200099F862 /* AFURLResponseSerialization.h */ = {isa = PBXFileReference; fileEncoding = 4; lastKnownFileType = sourcecode.c.h; path = AFURLResponseSerialization.h; sourceTree = "<group>"; };
		CC464D7B1F2DF9200099F862 /* AFURLResponseSerialization.m */ = {isa = PBXFileReference; fileEncoding = 4; lastKnownFileType = sourcecode.c.objc; path = AFURLResponseSerialization.m; sourceTree = "<group>"; };
		CC464D7C1F2DF9200099F862 /* AFURLSessionManager.h */ = {isa = PBXFileReference; fileEncoding = 4; lastKnownFileType = sourcecode.c.h; path = AFURLSessionManager.h; sourceTree = "<group>"; };
		CC464D7D1F2DF9200099F862 /* AFURLSessionManager.m */ = {isa = PBXFileReference; fileEncoding = 4; lastKnownFileType = sourcecode.c.objc; path = AFURLSessionManager.m; sourceTree = "<group>"; };
		CC464D7F1F2DF9200099F862 /* MASCompositeConstraint.h */ = {isa = PBXFileReference; fileEncoding = 4; lastKnownFileType = sourcecode.c.h; path = MASCompositeConstraint.h; sourceTree = "<group>"; };
		CC464D801F2DF9200099F862 /* MASCompositeConstraint.m */ = {isa = PBXFileReference; fileEncoding = 4; lastKnownFileType = sourcecode.c.objc; path = MASCompositeConstraint.m; sourceTree = "<group>"; };
		CC464D811F2DF9200099F862 /* MASConstraint+Private.h */ = {isa = PBXFileReference; fileEncoding = 4; lastKnownFileType = sourcecode.c.h; path = "MASConstraint+Private.h"; sourceTree = "<group>"; };
		CC464D821F2DF9200099F862 /* MASConstraint.h */ = {isa = PBXFileReference; fileEncoding = 4; lastKnownFileType = sourcecode.c.h; path = MASConstraint.h; sourceTree = "<group>"; };
		CC464D831F2DF9200099F862 /* MASConstraint.m */ = {isa = PBXFileReference; fileEncoding = 4; lastKnownFileType = sourcecode.c.objc; path = MASConstraint.m; sourceTree = "<group>"; };
		CC464D841F2DF9200099F862 /* MASConstraintMaker.h */ = {isa = PBXFileReference; fileEncoding = 4; lastKnownFileType = sourcecode.c.h; path = MASConstraintMaker.h; sourceTree = "<group>"; };
		CC464D851F2DF9200099F862 /* MASConstraintMaker.m */ = {isa = PBXFileReference; fileEncoding = 4; lastKnownFileType = sourcecode.c.objc; path = MASConstraintMaker.m; sourceTree = "<group>"; };
		CC464D861F2DF9200099F862 /* MASLayoutConstraint.h */ = {isa = PBXFileReference; fileEncoding = 4; lastKnownFileType = sourcecode.c.h; path = MASLayoutConstraint.h; sourceTree = "<group>"; };
		CC464D871F2DF9200099F862 /* MASLayoutConstraint.m */ = {isa = PBXFileReference; fileEncoding = 4; lastKnownFileType = sourcecode.c.objc; path = MASLayoutConstraint.m; sourceTree = "<group>"; };
		CC464D881F2DF9200099F862 /* Masonry.h */ = {isa = PBXFileReference; fileEncoding = 4; lastKnownFileType = sourcecode.c.h; path = Masonry.h; sourceTree = "<group>"; };
		CC464D891F2DF9200099F862 /* MASUtilities.h */ = {isa = PBXFileReference; fileEncoding = 4; lastKnownFileType = sourcecode.c.h; path = MASUtilities.h; sourceTree = "<group>"; };
		CC464D8A1F2DF9200099F862 /* MASViewAttribute.h */ = {isa = PBXFileReference; fileEncoding = 4; lastKnownFileType = sourcecode.c.h; path = MASViewAttribute.h; sourceTree = "<group>"; };
		CC464D8B1F2DF9200099F862 /* MASViewAttribute.m */ = {isa = PBXFileReference; fileEncoding = 4; lastKnownFileType = sourcecode.c.objc; path = MASViewAttribute.m; sourceTree = "<group>"; };
		CC464D8C1F2DF9200099F862 /* MASViewConstraint.h */ = {isa = PBXFileReference; fileEncoding = 4; lastKnownFileType = sourcecode.c.h; path = MASViewConstraint.h; sourceTree = "<group>"; };
		CC464D8D1F2DF9200099F862 /* MASViewConstraint.m */ = {isa = PBXFileReference; fileEncoding = 4; lastKnownFileType = sourcecode.c.objc; path = MASViewConstraint.m; sourceTree = "<group>"; };
		CC464D8E1F2DF9200099F862 /* NSArray+MASAdditions.h */ = {isa = PBXFileReference; fileEncoding = 4; lastKnownFileType = sourcecode.c.h; path = "NSArray+MASAdditions.h"; sourceTree = "<group>"; };
		CC464D8F1F2DF9200099F862 /* NSArray+MASAdditions.m */ = {isa = PBXFileReference; fileEncoding = 4; lastKnownFileType = sourcecode.c.objc; path = "NSArray+MASAdditions.m"; sourceTree = "<group>"; };
		CC464D901F2DF9200099F862 /* NSArray+MASShorthandAdditions.h */ = {isa = PBXFileReference; fileEncoding = 4; lastKnownFileType = sourcecode.c.h; path = "NSArray+MASShorthandAdditions.h"; sourceTree = "<group>"; };
		CC464D911F2DF9200099F862 /* NSLayoutConstraint+MASDebugAdditions.h */ = {isa = PBXFileReference; fileEncoding = 4; lastKnownFileType = sourcecode.c.h; path = "NSLayoutConstraint+MASDebugAdditions.h"; sourceTree = "<group>"; };
		CC464D921F2DF9200099F862 /* NSLayoutConstraint+MASDebugAdditions.m */ = {isa = PBXFileReference; fileEncoding = 4; lastKnownFileType = sourcecode.c.objc; path = "NSLayoutConstraint+MASDebugAdditions.m"; sourceTree = "<group>"; };
		CC464D931F2DF9200099F862 /* View+MASAdditions.h */ = {isa = PBXFileReference; fileEncoding = 4; lastKnownFileType = sourcecode.c.h; path = "View+MASAdditions.h"; sourceTree = "<group>"; };
		CC464D941F2DF9200099F862 /* View+MASAdditions.m */ = {isa = PBXFileReference; fileEncoding = 4; lastKnownFileType = sourcecode.c.objc; path = "View+MASAdditions.m"; sourceTree = "<group>"; };
		CC464D951F2DF9200099F862 /* View+MASShorthandAdditions.h */ = {isa = PBXFileReference; fileEncoding = 4; lastKnownFileType = sourcecode.c.h; path = "View+MASShorthandAdditions.h"; sourceTree = "<group>"; };
		CC464D961F2DF9200099F862 /* ViewController+MASAdditions.h */ = {isa = PBXFileReference; fileEncoding = 4; lastKnownFileType = sourcecode.c.h; path = "ViewController+MASAdditions.h"; sourceTree = "<group>"; };
		CC464D971F2DF9200099F862 /* ViewController+MASAdditions.m */ = {isa = PBXFileReference; fileEncoding = 4; lastKnownFileType = sourcecode.c.objc; path = "ViewController+MASAdditions.m"; sourceTree = "<group>"; };
		CC464D991F2DF9200099F862 /* MKAnnotationView+WebCache.h */ = {isa = PBXFileReference; fileEncoding = 4; lastKnownFileType = sourcecode.c.h; path = "MKAnnotationView+WebCache.h"; sourceTree = "<group>"; };
		CC464D9A1F2DF9200099F862 /* MKAnnotationView+WebCache.m */ = {isa = PBXFileReference; fileEncoding = 4; lastKnownFileType = sourcecode.c.objc; path = "MKAnnotationView+WebCache.m"; sourceTree = "<group>"; };
		CC464D9B1F2DF9200099F862 /* NSData+ImageContentType.h */ = {isa = PBXFileReference; fileEncoding = 4; lastKnownFileType = sourcecode.c.h; path = "NSData+ImageContentType.h"; sourceTree = "<group>"; };
		CC464D9C1F2DF9200099F862 /* NSData+ImageContentType.m */ = {isa = PBXFileReference; fileEncoding = 4; lastKnownFileType = sourcecode.c.objc; path = "NSData+ImageContentType.m"; sourceTree = "<group>"; };
		CC464D9D1F2DF9200099F862 /* NSImage+WebCache.h */ = {isa = PBXFileReference; fileEncoding = 4; lastKnownFileType = sourcecode.c.h; path = "NSImage+WebCache.h"; sourceTree = "<group>"; };
		CC464D9E1F2DF9200099F862 /* NSImage+WebCache.m */ = {isa = PBXFileReference; fileEncoding = 4; lastKnownFileType = sourcecode.c.objc; path = "NSImage+WebCache.m"; sourceTree = "<group>"; };
		CC464D9F1F2DF9200099F862 /* SDImageCache.h */ = {isa = PBXFileReference; fileEncoding = 4; lastKnownFileType = sourcecode.c.h; path = SDImageCache.h; sourceTree = "<group>"; };
		CC464DA01F2DF9200099F862 /* SDImageCache.m */ = {isa = PBXFileReference; fileEncoding = 4; lastKnownFileType = sourcecode.c.objc; path = SDImageCache.m; sourceTree = "<group>"; };
		CC464DA11F2DF9200099F862 /* SDImageCacheConfig.h */ = {isa = PBXFileReference; fileEncoding = 4; lastKnownFileType = sourcecode.c.h; path = SDImageCacheConfig.h; sourceTree = "<group>"; };
		CC464DA21F2DF9200099F862 /* SDImageCacheConfig.m */ = {isa = PBXFileReference; fileEncoding = 4; lastKnownFileType = sourcecode.c.objc; path = SDImageCacheConfig.m; sourceTree = "<group>"; };
		CC464DA31F2DF9200099F862 /* SDWebImageCompat.h */ = {isa = PBXFileReference; fileEncoding = 4; lastKnownFileType = sourcecode.c.h; path = SDWebImageCompat.h; sourceTree = "<group>"; };
		CC464DA41F2DF9200099F862 /* SDWebImageCompat.m */ = {isa = PBXFileReference; fileEncoding = 4; lastKnownFileType = sourcecode.c.objc; path = SDWebImageCompat.m; sourceTree = "<group>"; };
		CC464DA51F2DF9200099F862 /* SDWebImageDecoder.h */ = {isa = PBXFileReference; fileEncoding = 4; lastKnownFileType = sourcecode.c.h; path = SDWebImageDecoder.h; sourceTree = "<group>"; };
		CC464DA61F2DF9200099F862 /* SDWebImageDecoder.m */ = {isa = PBXFileReference; fileEncoding = 4; lastKnownFileType = sourcecode.c.objc; path = SDWebImageDecoder.m; sourceTree = "<group>"; };
		CC464DA71F2DF9200099F862 /* SDWebImageDownloader.h */ = {isa = PBXFileReference; fileEncoding = 4; lastKnownFileType = sourcecode.c.h; path = SDWebImageDownloader.h; sourceTree = "<group>"; };
		CC464DA81F2DF9200099F862 /* SDWebImageDownloader.m */ = {isa = PBXFileReference; fileEncoding = 4; lastKnownFileType = sourcecode.c.objc; path = SDWebImageDownloader.m; sourceTree = "<group>"; };
		CC464DA91F2DF9200099F862 /* SDWebImageDownloaderOperation.h */ = {isa = PBXFileReference; fileEncoding = 4; lastKnownFileType = sourcecode.c.h; path = SDWebImageDownloaderOperation.h; sourceTree = "<group>"; };
		CC464DAA1F2DF9200099F862 /* SDWebImageDownloaderOperation.m */ = {isa = PBXFileReference; fileEncoding = 4; lastKnownFileType = sourcecode.c.objc; path = SDWebImageDownloaderOperation.m; sourceTree = "<group>"; };
		CC464DAB1F2DF9200099F862 /* SDWebImageManager.h */ = {isa = PBXFileReference; fileEncoding = 4; lastKnownFileType = sourcecode.c.h; path = SDWebImageManager.h; sourceTree = "<group>"; };
		CC464DAC1F2DF9200099F862 /* SDWebImageManager.m */ = {isa = PBXFileReference; fileEncoding = 4; lastKnownFileType = sourcecode.c.objc; path = SDWebImageManager.m; sourceTree = "<group>"; };
		CC464DAD1F2DF9200099F862 /* SDWebImageOperation.h */ = {isa = PBXFileReference; fileEncoding = 4; lastKnownFileType = sourcecode.c.h; path = SDWebImageOperation.h; sourceTree = "<group>"; };
		CC464DAE1F2DF9200099F862 /* SDWebImagePrefetcher.h */ = {isa = PBXFileReference; fileEncoding = 4; lastKnownFileType = sourcecode.c.h; path = SDWebImagePrefetcher.h; sourceTree = "<group>"; };
		CC464DAF1F2DF9200099F862 /* SDWebImagePrefetcher.m */ = {isa = PBXFileReference; fileEncoding = 4; lastKnownFileType = sourcecode.c.objc; path = SDWebImagePrefetcher.m; sourceTree = "<group>"; };
		CC464DB01F2DF9200099F862 /* UIButton+WebCache.h */ = {isa = PBXFileReference; fileEncoding = 4; lastKnownFileType = sourcecode.c.h; path = "UIButton+WebCache.h"; sourceTree = "<group>"; };
		CC464DB11F2DF9200099F862 /* UIButton+WebCache.m */ = {isa = PBXFileReference; fileEncoding = 4; lastKnownFileType = sourcecode.c.objc; path = "UIButton+WebCache.m"; sourceTree = "<group>"; };
		CC464DB21F2DF9200099F862 /* UIImage+GIF.h */ = {isa = PBXFileReference; fileEncoding = 4; lastKnownFileType = sourcecode.c.h; path = "UIImage+GIF.h"; sourceTree = "<group>"; };
		CC464DB31F2DF9200099F862 /* UIImage+GIF.m */ = {isa = PBXFileReference; fileEncoding = 4; lastKnownFileType = sourcecode.c.objc; path = "UIImage+GIF.m"; sourceTree = "<group>"; };
		CC464DB41F2DF9200099F862 /* UIImage+MultiFormat.h */ = {isa = PBXFileReference; fileEncoding = 4; lastKnownFileType = sourcecode.c.h; path = "UIImage+MultiFormat.h"; sourceTree = "<group>"; };
		CC464DB51F2DF9200099F862 /* UIImage+MultiFormat.m */ = {isa = PBXFileReference; fileEncoding = 4; lastKnownFileType = sourcecode.c.objc; path = "UIImage+MultiFormat.m"; sourceTree = "<group>"; };
		CC464DB61F2DF9200099F862 /* UIImage+WebP.h */ = {isa = PBXFileReference; fileEncoding = 4; lastKnownFileType = sourcecode.c.h; path = "UIImage+WebP.h"; sourceTree = "<group>"; };
		CC464DB71F2DF9200099F862 /* UIImage+WebP.m */ = {isa = PBXFileReference; fileEncoding = 4; lastKnownFileType = sourcecode.c.objc; path = "UIImage+WebP.m"; sourceTree = "<group>"; };
		CC464DB81F2DF9200099F862 /* UIImageView+HighlightedWebCache.h */ = {isa = PBXFileReference; fileEncoding = 4; lastKnownFileType = sourcecode.c.h; path = "UIImageView+HighlightedWebCache.h"; sourceTree = "<group>"; };
		CC464DB91F2DF9200099F862 /* UIImageView+HighlightedWebCache.m */ = {isa = PBXFileReference; fileEncoding = 4; lastKnownFileType = sourcecode.c.objc; path = "UIImageView+HighlightedWebCache.m"; sourceTree = "<group>"; };
		CC464DBA1F2DF9200099F862 /* UIImageView+WebCache.h */ = {isa = PBXFileReference; fileEncoding = 4; lastKnownFileType = sourcecode.c.h; path = "UIImageView+WebCache.h"; sourceTree = "<group>"; };
		CC464DBB1F2DF9200099F862 /* UIImageView+WebCache.m */ = {isa = PBXFileReference; fileEncoding = 4; lastKnownFileType = sourcecode.c.objc; path = "UIImageView+WebCache.m"; sourceTree = "<group>"; };
		CC464DBC1F2DF9200099F862 /* UIView+WebCache.h */ = {isa = PBXFileReference; fileEncoding = 4; lastKnownFileType = sourcecode.c.h; path = "UIView+WebCache.h"; sourceTree = "<group>"; };
		CC464DBD1F2DF9200099F862 /* UIView+WebCache.m */ = {isa = PBXFileReference; fileEncoding = 4; lastKnownFileType = sourcecode.c.objc; path = "UIView+WebCache.m"; sourceTree = "<group>"; };
		CC464DBE1F2DF9200099F862 /* UIView+WebCacheOperation.h */ = {isa = PBXFileReference; fileEncoding = 4; lastKnownFileType = sourcecode.c.h; path = "UIView+WebCacheOperation.h"; sourceTree = "<group>"; };
		CC464DBF1F2DF9200099F862 /* UIView+WebCacheOperation.m */ = {isa = PBXFileReference; fileEncoding = 4; lastKnownFileType = sourcecode.c.objc; path = "UIView+WebCacheOperation.m"; sourceTree = "<group>"; };
		CC464DE31F2DF9C00099F862 /* MTShopController.h */ = {isa = PBXFileReference; fileEncoding = 4; lastKnownFileType = sourcecode.c.h; path = MTShopController.h; sourceTree = "<group>"; };
		CC464DE41F2DF9C00099F862 /* MTShopController.m */ = {isa = PBXFileReference; fileEncoding = 4; lastKnownFileType = sourcecode.c.objc; path = MTShopController.m; sourceTree = "<group>"; };
		CC464DE91F2DFB250099F862 /* MTNavigationController.h */ = {isa = PBXFileReference; fileEncoding = 4; lastKnownFileType = sourcecode.c.h; path = MTNavigationController.h; sourceTree = "<group>"; };
		CC464DEA1F2DFB250099F862 /* MTNavigationController.m */ = {isa = PBXFileReference; fileEncoding = 4; lastKnownFileType = sourcecode.c.objc; path = MTNavigationController.m; sourceTree = "<group>"; };
		CC464DEC1F2DFC860099F862 /* MTNavigationBar.h */ = {isa = PBXFileReference; fileEncoding = 4; lastKnownFileType = sourcecode.c.h; path = MTNavigationBar.h; sourceTree = "<group>"; };
		CC464DED1F2DFC860099F862 /* MTNavigationBar.m */ = {isa = PBXFileReference; fileEncoding = 4; lastKnownFileType = sourcecode.c.objc; path = MTNavigationBar.m; sourceTree = "<group>"; };
		CC464DEF1F2E01B40099F862 /* MTBaseController.h */ = {isa = PBXFileReference; fileEncoding = 4; lastKnownFileType = sourcecode.c.h; path = MTBaseController.h; sourceTree = "<group>"; };
		CC464DF01F2E01B40099F862 /* MTBaseController.m */ = {isa = PBXFileReference; fileEncoding = 4; lastKnownFileType = sourcecode.c.objc; path = MTBaseController.m; sourceTree = "<group>"; };
		CC5737DA1F2E2570003F6723 /* category.h */ = {isa = PBXFileReference; lastKnownFileType = sourcecode.c.h; path = category.h; sourceTree = "<group>"; };
		CC5737DB1F2E2606003F6723 /* NSNumber+MTNumberAddition.h */ = {isa = PBXFileReference; fileEncoding = 4; lastKnownFileType = sourcecode.c.h; path = "NSNumber+MTNumberAddition.h"; sourceTree = "<group>"; };
		CC5737DC1F2E2606003F6723 /* NSNumber+MTNumberAddition.m */ = {isa = PBXFileReference; fileEncoding = 4; lastKnownFileType = sourcecode.c.objc; path = "NSNumber+MTNumberAddition.m"; sourceTree = "<group>"; };
		CC8CEFDD1F315DDB00D10B2A /* food.json */ = {isa = PBXFileReference; fileEncoding = 4; lastKnownFileType = text.json; path = food.json; sourceTree = "<group>"; };
		CC8CF0051F31E68100D10B2A /* UIView+FindController.h */ = {isa = PBXFileReference; fileEncoding = 4; lastKnownFileType = sourcecode.c.h; path = "UIView+FindController.h"; sourceTree = "<group>"; };
		CC8CF0061F31E68100D10B2A /* UIView+FindController.m */ = {isa = PBXFileReference; fileEncoding = 4; lastKnownFileType = sourcecode.c.objc; path = "UIView+FindController.m"; sourceTree = "<group>"; };
		CC8CF0081F31EFD000D10B2A /* UILabel+Addition.h */ = {isa = PBXFileReference; fileEncoding = 4; lastKnownFileType = sourcecode.c.h; path = "UILabel+Addition.h"; sourceTree = "<group>"; };
		CC8CF0091F31EFD000D10B2A /* UILabel+Addition.m */ = {isa = PBXFileReference; fileEncoding = 4; lastKnownFileType = sourcecode.c.objc; path = "UILabel+Addition.m"; sourceTree = "<group>"; };
		CC8CF00C1F32051500D10B2A /* AnimatorTransitioningDelegate.h */ = {isa = PBXFileReference; fileEncoding = 4; lastKnownFileType = sourcecode.c.h; path = AnimatorTransitioningDelegate.h; sourceTree = "<group>"; };
		CC8CF00D1F32051500D10B2A /* AnimatorTransitioningDelegate.m */ = {isa = PBXFileReference; fileEncoding = 4; lastKnownFileType = sourcecode.c.objc; path = AnimatorTransitioningDelegate.m; sourceTree = "<group>"; };
		CC8CF0161F32222500D10B2A /* MTFoodListController.h */ = {isa = PBXFileReference; fileEncoding = 4; lastKnownFileType = sourcecode.c.h; name = MTFoodListController.h; path = MTWaiMai/Classes/FoodList/MTFoodListController.h; sourceTree = SOURCE_ROOT; };
		CC8CF0171F32222500D10B2A /* MTFoodListController.m */ = {isa = PBXFileReference; fileEncoding = 4; lastKnownFileType = sourcecode.c.objc; name = MTFoodListController.m; path = MTWaiMai/Classes/FoodList/MTFoodListController.m; sourceTree = SOURCE_ROOT; };
		CC8CF01F1F3225CF00D10B2A /* MTCategoryFoodModel.h */ = {isa = PBXFileReference; fileEncoding = 4; lastKnownFileType = sourcecode.c.h; path = MTCategoryFoodModel.h; sourceTree = "<group>"; };
		CC8CF0201F3225CF00D10B2A /* MTCategoryFoodModel.m */ = {isa = PBXFileReference; fileEncoding = 4; lastKnownFileType = sourcecode.c.objc; path = MTCategoryFoodModel.m; sourceTree = "<group>"; };
		CC8CF0221F3232F900D10B2A /* food.json */ = {isa = PBXFileReference; fileEncoding = 4; lastKnownFileType = text.json; path = food.json; sourceTree = "<group>"; };
		CC8CF0271F32351F00D10B2A /* MTCategoryFoodCell.h */ = {isa = PBXFileReference; fileEncoding = 4; lastKnownFileType = sourcecode.c.h; name = MTCategoryFoodCell.h; path = MTWaiMai/Classes/Shop/Model/MTCategoryFoodCell.h; sourceTree = SOURCE_ROOT; };
		CC8CF0281F32351F00D10B2A /* MTCategoryFoodCell.m */ = {isa = PBXFileReference; fileEncoding = 4; lastKnownFileType = sourcecode.c.objc; name = MTCategoryFoodCell.m; path = MTWaiMai/Classes/Shop/Model/MTCategoryFoodCell.m; sourceTree = SOURCE_ROOT; };
		CC8CF02A1F32A70300D10B2A /* MTFoodModel.h */ = {isa = PBXFileReference; fileEncoding = 4; lastKnownFileType = sourcecode.c.h; path = MTFoodModel.h; sourceTree = "<group>"; };
		CC8CF02B1F32A70300D10B2A /* MTFoodModel.m */ = {isa = PBXFileReference; fileEncoding = 4; lastKnownFileType = sourcecode.c.objc; path = MTFoodModel.m; sourceTree = "<group>"; };
		CC8CF02D1F32DA7300D10B2A /* UIColor+Addition.h */ = {isa = PBXFileReference; fileEncoding = 4; lastKnownFileType = sourcecode.c.h; path = "UIColor+Addition.h"; sourceTree = "<group>"; };
		CC8CF02E1F32DA7300D10B2A /* UIColor+Addition.m */ = {isa = PBXFileReference; fileEncoding = 4; lastKnownFileType = sourcecode.c.objc; path = "UIColor+Addition.m"; sourceTree = "<group>"; };
		CC8CF0331F32E41F00D10B2A /* MTFoodCell.h */ = {isa = PBXFileReference; fileEncoding = 4; lastKnownFileType = sourcecode.c.h; name = MTFoodCell.h; path = MTWaiMai/Common/MTFoodCell.h; sourceTree = SOURCE_ROOT; };
		CC8CF0341F32E41F00D10B2A /* MTFoodCell.m */ = {isa = PBXFileReference; fileEncoding = 4; lastKnownFileType = sourcecode.c.objc; name = MTFoodCell.m; path = MTWaiMai/Common/MTFoodCell.m; sourceTree = SOURCE_ROOT; };
		CC9A57AA1F2F51CE005D91DA /* MTOrderController.h */ = {isa = PBXFileReference; fileEncoding = 4; lastKnownFileType = sourcecode.c.h; path = MTOrderController.h; sourceTree = "<group>"; };
		CC9A57AB1F2F51CE005D91DA /* MTOrderController.m */ = {isa = PBXFileReference; fileEncoding = 4; lastKnownFileType = sourcecode.c.objc; path = MTOrderController.m; sourceTree = "<group>"; };
		CC9A57AD1F2F51D9005D91DA /* MTCommentController.h */ = {isa = PBXFileReference; fileEncoding = 4; lastKnownFileType = sourcecode.c.h; path = MTCommentController.h; sourceTree = "<group>"; };
		CC9A57AE1F2F51D9005D91DA /* MTCommentController.m */ = {isa = PBXFileReference; fileEncoding = 4; lastKnownFileType = sourcecode.c.objc; path = MTCommentController.m; sourceTree = "<group>"; };
		CC9A57B01F2F51E2005D91DA /* MTInfoController.h */ = {isa = PBXFileReference; fileEncoding = 4; lastKnownFileType = sourcecode.c.h; path = MTInfoController.h; sourceTree = "<group>"; };
		CC9A57B11F2F51E2005D91DA /* MTInfoController.m */ = {isa = PBXFileReference; fileEncoding = 4; lastKnownFileType = sourcecode.c.objc; path = MTInfoController.m; sourceTree = "<group>"; };
		CC9A57B41F2F69FB005D91DA /* MTHeaderView.h */ = {isa = PBXFileReference; fileEncoding = 4; lastKnownFileType = sourcecode.c.h; path = MTHeaderView.h; sourceTree = "<group>"; };
		CC9A57B51F2F69FB005D91DA /* MTHeaderView.m */ = {isa = PBXFileReference; fileEncoding = 4; lastKnownFileType = sourcecode.c.objc; path = MTHeaderView.m; sourceTree = "<group>"; };
		CC9A57B71F2F7AE9005D91DA /* UIImage+DashLine.h */ = {isa = PBXFileReference; fileEncoding = 4; lastKnownFileType = sourcecode.c.h; path = "UIImage+DashLine.h"; sourceTree = "<group>"; };
		CC9A57B81F2F7AE9005D91DA /* UIImage+DashLine.m */ = {isa = PBXFileReference; fileEncoding = 4; lastKnownFileType = sourcecode.c.objc; path = "UIImage+DashLine.m"; sourceTree = "<group>"; };
		CC9A57BB1F2F808A005D91DA /* MTPOI_SHOP_Model.h */ = {isa = PBXFileReference; fileEncoding = 4; lastKnownFileType = sourcecode.c.h; path = MTPOI_SHOP_Model.h; sourceTree = "<group>"; };
		CC9A57BC1F2F808A005D91DA /* MTPOI_SHOP_Model.m */ = {isa = PBXFileReference; fileEncoding = 4; lastKnownFileType = sourcecode.c.objc; path = MTPOI_SHOP_Model.m; sourceTree = "<group>"; };
		CC9A57BE1F3027FC005D91DA /* MTDiscount2Model.h */ = {isa = PBXFileReference; fileEncoding = 4; lastKnownFileType = sourcecode.c.h; path = MTDiscount2Model.h; sourceTree = "<group>"; };
		CC9A57BF1F3027FC005D91DA /* MTDiscount2Model.m */ = {isa = PBXFileReference; fileEncoding = 4; lastKnownFileType = sourcecode.c.objc; path = MTDiscount2Model.m; sourceTree = "<group>"; };
		CC9A57C11F302A95005D91DA /* MTLoopInfoView.h */ = {isa = PBXFileReference; fileEncoding = 4; lastKnownFileType = sourcecode.c.h; path = MTLoopInfoView.h; sourceTree = "<group>"; };
		CC9A57C21F302A95005D91DA /* MTLoopInfoView.m */ = {isa = PBXFileReference; fileEncoding = 4; lastKnownFileType = sourcecode.c.objc; path = MTLoopInfoView.m; sourceTree = "<group>"; };
		CC9A57C41F30344B005D91DA /* MTLoopInfoContainerView.h */ = {isa = PBXFileReference; fileEncoding = 4; lastKnownFileType = sourcecode.c.h; path = MTLoopInfoContainerView.h; sourceTree = "<group>"; };
		CC9A57C51F30344B005D91DA /* MTLoopInfoContainerView.m */ = {isa = PBXFileReference; fileEncoding = 4; lastKnownFileType = sourcecode.c.objc; path = MTLoopInfoContainerView.m; sourceTree = "<group>"; };
		CCA0E5EE1F333A7A000C2E0B /* MTFoodListSectionHeaderView.h */ = {isa = PBXFileReference; fileEncoding = 4; lastKnownFileType = sourcecode.c.h; path = MTFoodListSectionHeaderView.h; sourceTree = "<group>"; };
		CCA0E5EF1F333A7A000C2E0B /* MTFoodListSectionHeaderView.m */ = {isa = PBXFileReference; fileEncoding = 4; lastKnownFileType = sourcecode.c.objc; path = MTFoodListSectionHeaderView.m; sourceTree = "<group>"; };
		CCA0E5F11F333CBD000C2E0B /* MTOrderCountView.h */ = {isa = PBXFileReference; fileEncoding = 4; lastKnownFileType = sourcecode.c.h; path = MTOrderCountView.h; sourceTree = "<group>"; };
		CCA0E5F21F333CBD000C2E0B /* MTOrderCountView.m */ = {isa = PBXFileReference; fileEncoding = 4; lastKnownFileType = sourcecode.c.objc; path = MTOrderCountView.m; sourceTree = "<group>"; };
		CCE626661F3387210034CE16 /* MTFoodDetailController.h */ = {isa = PBXFileReference; fileEncoding = 4; lastKnownFileType = sourcecode.c.h; path = MTFoodDetailController.h; sourceTree = "<group>"; };
		CCE626671F3387210034CE16 /* MTFoodDetailController.m */ = {isa = PBXFileReference; fileEncoding = 4; lastKnownFileType = sourcecode.c.objc; path = MTFoodDetailController.m; sourceTree = "<group>"; };
		CCE6266C1F3388040034CE16 /* MTFoodDetailFlowLayout.h */ = {isa = PBXFileReference; fileEncoding = 4; lastKnownFileType = sourcecode.c.h; path = MTFoodDetailFlowLayout.h; sourceTree = "<group>"; };
		CCE6266D1F3388040034CE16 /* MTFoodDetailFlowLayout.m */ = {isa = PBXFileReference; fileEncoding = 4; lastKnownFileType = sourcecode.c.objc; path = MTFoodDetailFlowLayout.m; sourceTree = "<group>"; };
		CCE6266F1F3389550034CE16 /* MTFoodDetailCell.h */ = {isa = PBXFileReference; fileEncoding = 4; lastKnownFileType = sourcecode.c.h; path = MTFoodDetailCell.h; sourceTree = "<group>"; };
		CCE626701F3389550034CE16 /* MTFoodDetailCell.m */ = {isa = PBXFileReference; fileEncoding = 4; lastKnownFileType = sourcecode.c.objc; path = MTFoodDetailCell.m; sourceTree = "<group>"; };
/* End PBXFileReference section */

/* Begin PBXFrameworksBuildPhase section */
		CC464D441F2DF3DE0099F862 /* Frameworks */ = {
			isa = PBXFrameworksBuildPhase;
			buildActionMask = 2147483647;
			files = (
			);
			runOnlyForDeploymentPostprocessing = 0;
		};
/* End PBXFrameworksBuildPhase section */

/* Begin PBXGroup section */
		CC464D3E1F2DF3DE0099F862 = {
			isa = PBXGroup;
			children = (
				CC464D491F2DF3DE0099F862 /* MTWaiMai */,
				CC464D481F2DF3DE0099F862 /* Products */,
			);
			sourceTree = "<group>";
		};
		CC464D481F2DF3DE0099F862 /* Products */ = {
			isa = PBXGroup;
			children = (
				CC464D471F2DF3DE0099F862 /* MTWaiMai.app */,
			);
			name = Products;
			sourceTree = "<group>";
		};
		CC464D491F2DF3DE0099F862 /* MTWaiMai */ = {
			isa = PBXGroup;
			children = (
				CC464D6B1F2DF4A60099F862 /* AppDelegate(app代理) */,
				CC464D681F2DF48B0099F862 /* Common(分类) */,
				CC464D691F2DF48B0099F862 /* Libs(第三方库) */,
				CC464D641F2DF48B0099F862 /* Classes */,
				CC464D4A1F2DF3DE0099F862 /* Supporting Files */,
			);
			path = MTWaiMai;
			sourceTree = "<group>";
		};
		CC464D4A1F2DF3DE0099F862 /* Supporting Files */ = {
			isa = PBXGroup;
			children = (
				CC8CF0221F3232F900D10B2A /* food.json */,
				CC464D561F2DF3DE0099F862 /* Assets.xcassets */,
				CC464D581F2DF3DE0099F862 /* LaunchScreen.storyboard */,
				CC464D5B1F2DF3DE0099F862 /* Info.plist */,
				CC464D4B1F2DF3DE0099F862 /* main.m */,
				CC464D6F1F2DF8D70099F862 /* MTWaiMai-PrefixHeader.pch */,
			);
			name = "Supporting Files";
			sourceTree = "<group>";
		};
		CC464D641F2DF48B0099F862 /* Classes */ = {
			isa = PBXGroup;
			children = (
				CC464D661F2DF48B0099F862 /* Main(主要的) */,
				CC464D671F2DF48B0099F862 /* Shop(商店列表) */,
				CC464D651F2DF48B0099F862 /* FoodDetail(食物详情) */,
				CC9A57A91F2F51A8005D91DA /* Order(点菜) */,
				CC9A57A31F2F5185005D91DA /* Comment(评论) */,
				CC8CF00F1F321C3E00D10B2A /* FoodList(商品列表) */,
				CC9A57A71F2F5185005D91DA /* Info(商家信息) */,
			);
			path = Classes;
			sourceTree = "<group>";
		};
		CC464D651F2DF48B0099F862 /* FoodDetail(食物详情) */ = {
			isa = PBXGroup;
			children = (
				CCE626691F3387510034CE16 /* Model */,
				CCE6266A1F3387510034CE16 /* Other */,
				CCE6266B1F3387510034CE16 /* View */,
				CCE626651F3387210034CE16 /* Controller */,
			);
			name = "FoodDetail(食物详情)";
			path = FoodDetail;
			sourceTree = "<group>";
		};
		CC464D661F2DF48B0099F862 /* Main(主要的) */ = {
			isa = PBXGroup;
			children = (
				CC464DE91F2DFB250099F862 /* MTNavigationController.h */,
				CC464DEA1F2DFB250099F862 /* MTNavigationController.m */,
				CC464DEC1F2DFC860099F862 /* MTNavigationBar.h */,
				CC464DED1F2DFC860099F862 /* MTNavigationBar.m */,
				CC464DEF1F2E01B40099F862 /* MTBaseController.h */,
				CC464DF01F2E01B40099F862 /* MTBaseController.m */,
			);
			name = "Main(主要的)";
			path = Main;
			sourceTree = "<group>";
		};
		CC464D671F2DF48B0099F862 /* Shop(商店列表) */ = {
			isa = PBXGroup;
			children = (
				CC9A57BA1F2F805E005D91DA /* Model */,
				CC9A57B31F2F69E8005D91DA /* View */,
				CC8CEFDC1F315DCB00D10B2A /* Other */,
				CC464DE31F2DF9C00099F862 /* MTShopController.h */,
				CC464DE41F2DF9C00099F862 /* MTShopController.m */,
			);
			name = "Shop(商店列表)";
			path = Shop;
			sourceTree = "<group>";
		};
		CC464D681F2DF48B0099F862 /* Common(分类) */ = {
			isa = PBXGroup;
			children = (
				CC5737DA1F2E2570003F6723 /* category.h */,
				CC8CF02D1F32DA7300D10B2A /* UIColor+Addition.h */,
				CC8CF02E1F32DA7300D10B2A /* UIColor+Addition.m */,
				CC5737DB1F2E2606003F6723 /* NSNumber+MTNumberAddition.h */,
				CC5737DC1F2E2606003F6723 /* NSNumber+MTNumberAddition.m */,
				CC9A57B71F2F7AE9005D91DA /* UIImage+DashLine.h */,
				CC9A57B81F2F7AE9005D91DA /* UIImage+DashLine.m */,
				CC8CF0051F31E68100D10B2A /* UIView+FindController.h */,
				CC8CF0061F31E68100D10B2A /* UIView+FindController.m */,
				CC8CF0081F31EFD000D10B2A /* UILabel+Addition.h */,
				CC8CF0091F31EFD000D10B2A /* UILabel+Addition.m */,
			);
			name = "Common(分类)";
			path = Common;
			sourceTree = "<group>";
		};
		CC464D691F2DF48B0099F862 /* Libs(第三方库) */ = {
			isa = PBXGroup;
			children = (
				CC8CF00B1F3204F300D10B2A /* ViewControllerTransitioningDelegate(modal控制器转场代理对象) */,
				CC464D701F2DF9200099F862 /* AFNetworking */,
				CC464D7E1F2DF9200099F862 /* Masonry */,
				CC464D981F2DF9200099F862 /* SDWebImage */,
			);
			name = "Libs(第三方库)";
			path = Libs;
			sourceTree = "<group>";
		};
		CC464D6B1F2DF4A60099F862 /* AppDelegate(app代理) */ = {
			isa = PBXGroup;
			children = (
				CC464D6C1F2DF4A60099F862 /* AppDelegate.h */,
				CC464D6D1F2DF4A60099F862 /* AppDelegate.m */,
			);
			name = "AppDelegate(app代理)";
			path = AppDelegate;
			sourceTree = "<group>";
		};
		CC464D701F2DF9200099F862 /* AFNetworking */ = {
			isa = PBXGroup;
			children = (
				CC464D711F2DF9200099F862 /* AFHTTPSessionManager.h */,
				CC464D721F2DF9200099F862 /* AFHTTPSessionManager.m */,
				CC464D731F2DF9200099F862 /* AFNetworking.h */,
				CC464D741F2DF9200099F862 /* AFNetworkReachabilityManager.h */,
				CC464D751F2DF9200099F862 /* AFNetworkReachabilityManager.m */,
				CC464D761F2DF9200099F862 /* AFSecurityPolicy.h */,
				CC464D771F2DF9200099F862 /* AFSecurityPolicy.m */,
				CC464D781F2DF9200099F862 /* AFURLRequestSerialization.h */,
				CC464D791F2DF9200099F862 /* AFURLRequestSerialization.m */,
				CC464D7A1F2DF9200099F862 /* AFURLResponseSerialization.h */,
				CC464D7B1F2DF9200099F862 /* AFURLResponseSerialization.m */,
				CC464D7C1F2DF9200099F862 /* AFURLSessionManager.h */,
				CC464D7D1F2DF9200099F862 /* AFURLSessionManager.m */,
			);
			path = AFNetworking;
			sourceTree = "<group>";
		};
		CC464D7E1F2DF9200099F862 /* Masonry */ = {
			isa = PBXGroup;
			children = (
				CC464D7F1F2DF9200099F862 /* MASCompositeConstraint.h */,
				CC464D801F2DF9200099F862 /* MASCompositeConstraint.m */,
				CC464D811F2DF9200099F862 /* MASConstraint+Private.h */,
				CC464D821F2DF9200099F862 /* MASConstraint.h */,
				CC464D831F2DF9200099F862 /* MASConstraint.m */,
				CC464D841F2DF9200099F862 /* MASConstraintMaker.h */,
				CC464D851F2DF9200099F862 /* MASConstraintMaker.m */,
				CC464D861F2DF9200099F862 /* MASLayoutConstraint.h */,
				CC464D871F2DF9200099F862 /* MASLayoutConstraint.m */,
				CC464D881F2DF9200099F862 /* Masonry.h */,
				CC464D891F2DF9200099F862 /* MASUtilities.h */,
				CC464D8A1F2DF9200099F862 /* MASViewAttribute.h */,
				CC464D8B1F2DF9200099F862 /* MASViewAttribute.m */,
				CC464D8C1F2DF9200099F862 /* MASViewConstraint.h */,
				CC464D8D1F2DF9200099F862 /* MASViewConstraint.m */,
				CC464D8E1F2DF9200099F862 /* NSArray+MASAdditions.h */,
				CC464D8F1F2DF9200099F862 /* NSArray+MASAdditions.m */,
				CC464D901F2DF9200099F862 /* NSArray+MASShorthandAdditions.h */,
				CC464D911F2DF9200099F862 /* NSLayoutConstraint+MASDebugAdditions.h */,
				CC464D921F2DF9200099F862 /* NSLayoutConstraint+MASDebugAdditions.m */,
				CC464D931F2DF9200099F862 /* View+MASAdditions.h */,
				CC464D941F2DF9200099F862 /* View+MASAdditions.m */,
				CC464D951F2DF9200099F862 /* View+MASShorthandAdditions.h */,
				CC464D961F2DF9200099F862 /* ViewController+MASAdditions.h */,
				CC464D971F2DF9200099F862 /* ViewController+MASAdditions.m */,
			);
			path = Masonry;
			sourceTree = "<group>";
		};
		CC464D981F2DF9200099F862 /* SDWebImage */ = {
			isa = PBXGroup;
			children = (
				CC464D991F2DF9200099F862 /* MKAnnotationView+WebCache.h */,
				CC464D9A1F2DF9200099F862 /* MKAnnotationView+WebCache.m */,
				CC464D9B1F2DF9200099F862 /* NSData+ImageContentType.h */,
				CC464D9C1F2DF9200099F862 /* NSData+ImageContentType.m */,
				CC464D9D1F2DF9200099F862 /* NSImage+WebCache.h */,
				CC464D9E1F2DF9200099F862 /* NSImage+WebCache.m */,
				CC464D9F1F2DF9200099F862 /* SDImageCache.h */,
				CC464DA01F2DF9200099F862 /* SDImageCache.m */,
				CC464DA11F2DF9200099F862 /* SDImageCacheConfig.h */,
				CC464DA21F2DF9200099F862 /* SDImageCacheConfig.m */,
				CC464DA31F2DF9200099F862 /* SDWebImageCompat.h */,
				CC464DA41F2DF9200099F862 /* SDWebImageCompat.m */,
				CC464DA51F2DF9200099F862 /* SDWebImageDecoder.h */,
				CC464DA61F2DF9200099F862 /* SDWebImageDecoder.m */,
				CC464DA71F2DF9200099F862 /* SDWebImageDownloader.h */,
				CC464DA81F2DF9200099F862 /* SDWebImageDownloader.m */,
				CC464DA91F2DF9200099F862 /* SDWebImageDownloaderOperation.h */,
				CC464DAA1F2DF9200099F862 /* SDWebImageDownloaderOperation.m */,
				CC464DAB1F2DF9200099F862 /* SDWebImageManager.h */,
				CC464DAC1F2DF9200099F862 /* SDWebImageManager.m */,
				CC464DAD1F2DF9200099F862 /* SDWebImageOperation.h */,
				CC464DAE1F2DF9200099F862 /* SDWebImagePrefetcher.h */,
				CC464DAF1F2DF9200099F862 /* SDWebImagePrefetcher.m */,
				CC464DB01F2DF9200099F862 /* UIButton+WebCache.h */,
				CC464DB11F2DF9200099F862 /* UIButton+WebCache.m */,
				CC464DB21F2DF9200099F862 /* UIImage+GIF.h */,
				CC464DB31F2DF9200099F862 /* UIImage+GIF.m */,
				CC464DB41F2DF9200099F862 /* UIImage+MultiFormat.h */,
				CC464DB51F2DF9200099F862 /* UIImage+MultiFormat.m */,
				CC464DB61F2DF9200099F862 /* UIImage+WebP.h */,
				CC464DB71F2DF9200099F862 /* UIImage+WebP.m */,
				CC464DB81F2DF9200099F862 /* UIImageView+HighlightedWebCache.h */,
				CC464DB91F2DF9200099F862 /* UIImageView+HighlightedWebCache.m */,
				CC464DBA1F2DF9200099F862 /* UIImageView+WebCache.h */,
				CC464DBB1F2DF9200099F862 /* UIImageView+WebCache.m */,
				CC464DBC1F2DF9200099F862 /* UIView+WebCache.h */,
				CC464DBD1F2DF9200099F862 /* UIView+WebCache.m */,
				CC464DBE1F2DF9200099F862 /* UIView+WebCacheOperation.h */,
				CC464DBF1F2DF9200099F862 /* UIView+WebCacheOperation.m */,
			);
			path = SDWebImage;
			sourceTree = "<group>";
		};
		CC8CEFDC1F315DCB00D10B2A /* Other */ = {
			isa = PBXGroup;
			children = (
				CC8CEFDD1F315DDB00D10B2A /* food.json */,
			);
			path = Other;
			sourceTree = "<group>";
		};
		CC8CF00B1F3204F300D10B2A /* ViewControllerTransitioningDelegate(modal控制器转场代理对象) */ = {
			isa = PBXGroup;
			children = (
				CC8CF00C1F32051500D10B2A /* AnimatorTransitioningDelegate.h */,
				CC8CF00D1F32051500D10B2A /* AnimatorTransitioningDelegate.m */,
			);
			name = "ViewControllerTransitioningDelegate(modal控制器转场代理对象)";
			path = ViewControllerTransitioningDelegate;
			sourceTree = "<group>";
		};
		CC8CF00F1F321C3E00D10B2A /* FoodList(商品列表) */ = {
			isa = PBXGroup;
			children = (
				CCA0E5EA1F333A54000C2E0B /* Controller */,
				CCA0E5EB1F333A54000C2E0B /* Model */,
				CCA0E5EC1F333A54000C2E0B /* Other */,
				CCA0E5ED1F333A54000C2E0B /* View */,
			);
			name = "FoodList(商品列表)";
			path = Info/FoodList;
			sourceTree = "<group>";
		};
		CC9A57A31F2F5185005D91DA /* Comment(评论) */ = {
			isa = PBXGroup;
			children = (
				CC9A57AD1F2F51D9005D91DA /* MTCommentController.h */,
				CC9A57AE1F2F51D9005D91DA /* MTCommentController.m */,
			);
			name = "Comment(评论)";
			path = Comment;
			sourceTree = "<group>";
		};
		CC9A57A71F2F5185005D91DA /* Info(商家信息) */ = {
			isa = PBXGroup;
			children = (
				CC9A57B01F2F51E2005D91DA /* MTInfoController.h */,
				CC9A57B11F2F51E2005D91DA /* MTInfoController.m */,
			);
			name = "Info(商家信息)";
			path = Info;
			sourceTree = "<group>";
		};
		CC9A57A91F2F51A8005D91DA /* Order(点菜) */ = {
			isa = PBXGroup;
			children = (
				CC9A57AA1F2F51CE005D91DA /* MTOrderController.h */,
				CC9A57AB1F2F51CE005D91DA /* MTOrderController.m */,
			);
			name = "Order(点菜)";
			path = Order;
			sourceTree = "<group>";
		};
		CC9A57B31F2F69E8005D91DA /* View */ = {
			isa = PBXGroup;
			children = (
				CC9A57B41F2F69FB005D91DA /* MTHeaderView.h */,
				CC9A57B51F2F69FB005D91DA /* MTHeaderView.m */,
				CC9A57C11F302A95005D91DA /* MTLoopInfoView.h */,
				CC9A57C21F302A95005D91DA /* MTLoopInfoView.m */,
				CC9A57C41F30344B005D91DA /* MTLoopInfoContainerView.h */,
				CC9A57C51F30344B005D91DA /* MTLoopInfoContainerView.m */,
			);
			path = View;
			sourceTree = "<group>";
		};
		CC9A57BA1F2F805E005D91DA /* Model */ = {
			isa = PBXGroup;
			children = (
				CC9A57BB1F2F808A005D91DA /* MTPOI_SHOP_Model.h */,
				CC9A57BC1F2F808A005D91DA /* MTPOI_SHOP_Model.m */,
				CC9A57BE1F3027FC005D91DA /* MTDiscount2Model.h */,
				CC9A57BF1F3027FC005D91DA /* MTDiscount2Model.m */,
				CC8CF01F1F3225CF00D10B2A /* MTCategoryFoodModel.h */,
				CC8CF0201F3225CF00D10B2A /* MTCategoryFoodModel.m */,
				CC8CF02A1F32A70300D10B2A /* MTFoodModel.h */,
				CC8CF02B1F32A70300D10B2A /* MTFoodModel.m */,
			);
			path = Model;
			sourceTree = "<group>";
		};
		CCA0E5EA1F333A54000C2E0B /* Controller */ = {
			isa = PBXGroup;
			children = (
				CC8CF0161F32222500D10B2A /* MTFoodListController.h */,
				CC8CF0171F32222500D10B2A /* MTFoodListController.m */,
			);
			name = Controller;
			path = MTWaiMai/Classes/FoodList/Controller;
			sourceTree = SOURCE_ROOT;
		};
		CCA0E5EB1F333A54000C2E0B /* Model */ = {
			isa = PBXGroup;
			children = (
			);
			name = Model;
			path = MTWaiMai/Classes/FoodList/Model;
			sourceTree = SOURCE_ROOT;
		};
		CCA0E5EC1F333A54000C2E0B /* Other */ = {
			isa = PBXGroup;
			children = (
			);
			name = Other;
			path = MTWaiMai/Classes/FoodList/Other;
			sourceTree = SOURCE_ROOT;
		};
		CCA0E5ED1F333A54000C2E0B /* View */ = {
			isa = PBXGroup;
			children = (
				CC8CF0271F32351F00D10B2A /* MTCategoryFoodCell.h */,
				CC8CF0281F32351F00D10B2A /* MTCategoryFoodCell.m */,
				CC8CF0331F32E41F00D10B2A /* MTFoodCell.h */,
				CC8CF0341F32E41F00D10B2A /* MTFoodCell.m */,
				CCA0E5EE1F333A7A000C2E0B /* MTFoodListSectionHeaderView.h */,
				CCA0E5EF1F333A7A000C2E0B /* MTFoodListSectionHeaderView.m */,
				CCA0E5F11F333CBD000C2E0B /* MTOrderCountView.h */,
				CCA0E5F21F333CBD000C2E0B /* MTOrderCountView.m */,
			);
			name = View;
			path = MTWaiMai/Classes/FoodList/View;
			sourceTree = SOURCE_ROOT;
		};
		CCE626651F3387210034CE16 /* Controller */ = {
			isa = PBXGroup;
			children = (
				CCE626661F3387210034CE16 /* MTFoodDetailController.h */,
				CCE626671F3387210034CE16 /* MTFoodDetailController.m */,
			);
			path = Controller;
			sourceTree = "<group>";
		};
		CCE626691F3387510034CE16 /* Model */ = {
			isa = PBXGroup;
			children = (
			);
			path = Model;
			sourceTree = "<group>";
		};
		CCE6266A1F3387510034CE16 /* Other */ = {
			isa = PBXGroup;
			children = (
				CCE6266C1F3388040034CE16 /* MTFoodDetailFlowLayout.h */,
				CCE6266D1F3388040034CE16 /* MTFoodDetailFlowLayout.m */,
			);
			path = Other;
			sourceTree = "<group>";
		};
		CCE6266B1F3387510034CE16 /* View */ = {
			isa = PBXGroup;
			children = (
				CCE6266F1F3389550034CE16 /* MTFoodDetailCell.h */,
				CCE626701F3389550034CE16 /* MTFoodDetailCell.m */,
			);
			path = View;
			sourceTree = "<group>";
		};
/* End PBXGroup section */

/* Begin PBXNativeTarget section */
		CC464D461F2DF3DE0099F862 /* MTWaiMai */ = {
			isa = PBXNativeTarget;
			buildConfigurationList = CC464D5E1F2DF3DE0099F862 /* Build configuration list for PBXNativeTarget "MTWaiMai" */;
			buildPhases = (
				CC464D431F2DF3DE0099F862 /* Sources */,
				CC464D441F2DF3DE0099F862 /* Frameworks */,
				CC464D451F2DF3DE0099F862 /* Resources */,
			);
			buildRules = (
			);
			dependencies = (
			);
			name = MTWaiMai;
			productName = MTWaiMai;
			productReference = CC464D471F2DF3DE0099F862 /* MTWaiMai.app */;
			productType = "com.apple.product-type.application";
		};
/* End PBXNativeTarget section */

/* Begin PBXProject section */
		CC464D3F1F2DF3DE0099F862 /* Project object */ = {
			isa = PBXProject;
			attributes = {
				CLASSPREFIX = MT;
				LastUpgradeCheck = 0830;
				ORGANIZATIONNAME = relax;
				TargetAttributes = {
					CC464D461F2DF3DE0099F862 = {
						CreatedOnToolsVersion = 8.3.3;
						DevelopmentTeam = 5XWFH2K223;
						ProvisioningStyle = Automatic;
					};
				};
			};
			buildConfigurationList = CC464D421F2DF3DE0099F862 /* Build configuration list for PBXProject "MTWaiMai" */;
			compatibilityVersion = "Xcode 3.2";
			developmentRegion = English;
			hasScannedForEncodings = 0;
			knownRegions = (
				en,
				Base,
			);
			mainGroup = CC464D3E1F2DF3DE0099F862;
			productRefGroup = CC464D481F2DF3DE0099F862 /* Products */;
			projectDirPath = "";
			projectRoot = "";
			targets = (
				CC464D461F2DF3DE0099F862 /* MTWaiMai */,
			);
		};
/* End PBXProject section */

/* Begin PBXResourcesBuildPhase section */
		CC464D451F2DF3DE0099F862 /* Resources */ = {
			isa = PBXResourcesBuildPhase;
			buildActionMask = 2147483647;
			files = (
				CC8CEFDE1F315DDB00D10B2A /* food.json in Resources */,
				CC8CF0231F3232F900D10B2A /* food.json in Resources */,
				CC464D5A1F2DF3DE0099F862 /* LaunchScreen.storyboard in Resources */,
				CC464D571F2DF3DE0099F862 /* Assets.xcassets in Resources */,
			);
			runOnlyForDeploymentPostprocessing = 0;
		};
/* End PBXResourcesBuildPhase section */

/* Begin PBXSourcesBuildPhase section */
		CC464D431F2DF3DE0099F862 /* Sources */ = {
			isa = PBXSourcesBuildPhase;
			buildActionMask = 2147483647;
			files = (
				CC464DDF1F2DF9200099F862 /* UIImageView+HighlightedWebCache.m in Sources */,
				CC464DC01F2DF9200099F862 /* AFHTTPSessionManager.m in Sources */,
				CC464DEE1F2DFC860099F862 /* MTNavigationBar.m in Sources */,
				CC464DF11F2E01B40099F862 /* MTBaseController.m in Sources */,
				CC464DD91F2DF9200099F862 /* SDWebImageManager.m in Sources */,
				CCE6266E1F3388040034CE16 /* MTFoodDetailFlowLayout.m in Sources */,
				CC5737DD1F2E2606003F6723 /* NSNumber+MTNumberAddition.m in Sources */,
				CC464DD51F2DF9200099F862 /* SDWebImageCompat.m in Sources */,
				CC464DDA1F2DF9200099F862 /* SDWebImagePrefetcher.m in Sources */,
				CC464DC51F2DF9200099F862 /* AFURLSessionManager.m in Sources */,
				CC8CF02F1F32DA7300D10B2A /* UIColor+Addition.m in Sources */,
				CC464DCC1F2DF9200099F862 /* NSArray+MASAdditions.m in Sources */,
				CC464DC21F2DF9200099F862 /* AFSecurityPolicy.m in Sources */,
				CC464DDB1F2DF9200099F862 /* UIButton+WebCache.m in Sources */,
				CC8CF0291F32351F00D10B2A /* MTCategoryFoodCell.m in Sources */,
				CC464D4C1F2DF3DE0099F862 /* main.m in Sources */,
				CC464DCE1F2DF9200099F862 /* View+MASAdditions.m in Sources */,
				CC8CF0071F31E68100D10B2A /* UIView+FindController.m in Sources */,
				CC464DDE1F2DF9200099F862 /* UIImage+WebP.m in Sources */,
				CC9A57AC1F2F51CE005D91DA /* MTOrderController.m in Sources */,
				CCE626681F3387210034CE16 /* MTFoodDetailController.m in Sources */,
				CC464DC91F2DF9200099F862 /* MASLayoutConstraint.m in Sources */,
				CC8CF00E1F32051500D10B2A /* AnimatorTransitioningDelegate.m in Sources */,
				CC9A57B91F2F7AE9005D91DA /* UIImage+DashLine.m in Sources */,
				CC464DD31F2DF9200099F862 /* SDImageCache.m in Sources */,
				CC464DE11F2DF9200099F862 /* UIView+WebCache.m in Sources */,
				CC464DC71F2DF9200099F862 /* MASConstraint.m in Sources */,
				CC464DDC1F2DF9200099F862 /* UIImage+GIF.m in Sources */,
				CC464DD21F2DF9200099F862 /* NSImage+WebCache.m in Sources */,
				CC464DE51F2DF9C00099F862 /* MTShopController.m in Sources */,
				CC8CF0211F3225CF00D10B2A /* MTCategoryFoodModel.m in Sources */,
				CC8CF0181F32222500D10B2A /* MTFoodListController.m in Sources */,
				CC464DCD1F2DF9200099F862 /* NSLayoutConstraint+MASDebugAdditions.m in Sources */,
				CC464DDD1F2DF9200099F862 /* UIImage+MultiFormat.m in Sources */,
				CC464DD61F2DF9200099F862 /* SDWebImageDecoder.m in Sources */,
				CC9A57B21F2F51E2005D91DA /* MTInfoController.m in Sources */,
				CC9A57C01F3027FC005D91DA /* MTDiscount2Model.m in Sources */,
				CC464DC61F2DF9200099F862 /* MASCompositeConstraint.m in Sources */,
				CC9A57C31F302A95005D91DA /* MTLoopInfoView.m in Sources */,
				CCE626711F3389550034CE16 /* MTFoodDetailCell.m in Sources */,
				CC464DD11F2DF9200099F862 /* NSData+ImageContentType.m in Sources */,
				CC464DEB1F2DFB250099F862 /* MTNavigationController.m in Sources */,
				CCA0E5F31F333CBD000C2E0B /* MTOrderCountView.m in Sources */,
				CC464DD81F2DF9200099F862 /* SDWebImageDownloaderOperation.m in Sources */,
				CC464DC31F2DF9200099F862 /* AFURLRequestSerialization.m in Sources */,
				CC8CF02C1F32A70300D10B2A /* MTFoodModel.m in Sources */,
				CC464DD41F2DF9200099F862 /* SDImageCacheConfig.m in Sources */,
				CC8CF0361F32E41F00D10B2A /* MTFoodCell.m in Sources */,
				CC464DC11F2DF9200099F862 /* AFNetworkReachabilityManager.m in Sources */,
				CC464DC41F2DF9200099F862 /* AFURLResponseSerialization.m in Sources */,
				CC464DC81F2DF9200099F862 /* MASConstraintMaker.m in Sources */,
				CC464DD71F2DF9200099F862 /* SDWebImageDownloader.m in Sources */,
				CC464DCF1F2DF9200099F862 /* ViewController+MASAdditions.m in Sources */,
				CC9A57C61F30344B005D91DA /* MTLoopInfoContainerView.m in Sources */,
				CC464DD01F2DF9200099F862 /* MKAnnotationView+WebCache.m in Sources */,
				CC8CF00A1F31EFD000D10B2A /* UILabel+Addition.m in Sources */,
				CCA0E5F01F333A7A000C2E0B /* MTFoodListSectionHeaderView.m in Sources */,
				CC9A57B61F2F69FB005D91DA /* MTHeaderView.m in Sources */,
				CC9A57BD1F2F808A005D91DA /* MTPOI_SHOP_Model.m in Sources */,
				CC464DCB1F2DF9200099F862 /* MASViewConstraint.m in Sources */,
				CC464DE01F2DF9200099F862 /* UIImageView+WebCache.m in Sources */,
				CC464DE21F2DF9200099F862 /* UIView+WebCacheOperation.m in Sources */,
				CC464D6E1F2DF4A60099F862 /* AppDelegate.m in Sources */,
				CC464DCA1F2DF9200099F862 /* MASViewAttribute.m in Sources */,
				CC9A57AF1F2F51D9005D91DA /* MTCommentController.m in Sources */,
			);
			runOnlyForDeploymentPostprocessing = 0;
		};
/* End PBXSourcesBuildPhase section */

/* Begin PBXVariantGroup section */
		CC464D581F2DF3DE0099F862 /* LaunchScreen.storyboard */ = {
			isa = PBXVariantGroup;
			children = (
				CC464D591F2DF3DE0099F862 /* Base */,
			);
			name = LaunchScreen.storyboard;
			sourceTree = "<group>";
		};
/* End PBXVariantGroup section */

/* Begin XCBuildConfiguration section */
		CC464D5C1F2DF3DE0099F862 /* Debug */ = {
			isa = XCBuildConfiguration;
			buildSettings = {
				ALWAYS_SEARCH_USER_PATHS = NO;
				CLANG_ANALYZER_NONNULL = YES;
				CLANG_ANALYZER_NUMBER_OBJECT_CONVERSION = YES_AGGRESSIVE;
				CLANG_CXX_LANGUAGE_STANDARD = "gnu++0x";
				CLANG_CXX_LIBRARY = "libc++";
				CLANG_ENABLE_MODULES = YES;
				CLANG_ENABLE_OBJC_ARC = YES;
				CLANG_WARN_BOOL_CONVERSION = YES;
				CLANG_WARN_CONSTANT_CONVERSION = YES;
				CLANG_WARN_DIRECT_OBJC_ISA_USAGE = YES_ERROR;
				CLANG_WARN_DOCUMENTATION_COMMENTS = YES;
				CLANG_WARN_EMPTY_BODY = YES;
				CLANG_WARN_ENUM_CONVERSION = YES;
				CLANG_WARN_INFINITE_RECURSION = YES;
				CLANG_WARN_INT_CONVERSION = YES;
				CLANG_WARN_OBJC_ROOT_CLASS = YES_ERROR;
				CLANG_WARN_SUSPICIOUS_MOVE = YES;
				CLANG_WARN_UNREACHABLE_CODE = YES;
				CLANG_WARN__DUPLICATE_METHOD_MATCH = YES;
				"CODE_SIGN_IDENTITY[sdk=iphoneos*]" = "iPhone Developer";
				COPY_PHASE_STRIP = NO;
				DEBUG_INFORMATION_FORMAT = dwarf;
				ENABLE_STRICT_OBJC_MSGSEND = YES;
				ENABLE_TESTABILITY = YES;
				GCC_C_LANGUAGE_STANDARD = gnu99;
				GCC_DYNAMIC_NO_PIC = NO;
				GCC_NO_COMMON_BLOCKS = YES;
				GCC_OPTIMIZATION_LEVEL = 0;
				GCC_PREPROCESSOR_DEFINITIONS = (
					"DEBUG=1",
					"$(inherited)",
				);
				GCC_WARN_64_TO_32_BIT_CONVERSION = YES;
				GCC_WARN_ABOUT_RETURN_TYPE = YES_ERROR;
				GCC_WARN_UNDECLARED_SELECTOR = YES;
				GCC_WARN_UNINITIALIZED_AUTOS = YES_AGGRESSIVE;
				GCC_WARN_UNUSED_FUNCTION = YES;
				GCC_WARN_UNUSED_VARIABLE = YES;
				IPHONEOS_DEPLOYMENT_TARGET = 10.3;
				MTL_ENABLE_DEBUG_INFO = YES;
				ONLY_ACTIVE_ARCH = YES;
				SDKROOT = iphoneos;
			};
			name = Debug;
		};
		CC464D5D1F2DF3DE0099F862 /* Release */ = {
			isa = XCBuildConfiguration;
			buildSettings = {
				ALWAYS_SEARCH_USER_PATHS = NO;
				CLANG_ANALYZER_NONNULL = YES;
				CLANG_ANALYZER_NUMBER_OBJECT_CONVERSION = YES_AGGRESSIVE;
				CLANG_CXX_LANGUAGE_STANDARD = "gnu++0x";
				CLANG_CXX_LIBRARY = "libc++";
				CLANG_ENABLE_MODULES = YES;
				CLANG_ENABLE_OBJC_ARC = YES;
				CLANG_WARN_BOOL_CONVERSION = YES;
				CLANG_WARN_CONSTANT_CONVERSION = YES;
				CLANG_WARN_DIRECT_OBJC_ISA_USAGE = YES_ERROR;
				CLANG_WARN_DOCUMENTATION_COMMENTS = YES;
				CLANG_WARN_EMPTY_BODY = YES;
				CLANG_WARN_ENUM_CONVERSION = YES;
				CLANG_WARN_INFINITE_RECURSION = YES;
				CLANG_WARN_INT_CONVERSION = YES;
				CLANG_WARN_OBJC_ROOT_CLASS = YES_ERROR;
				CLANG_WARN_SUSPICIOUS_MOVE = YES;
				CLANG_WARN_UNREACHABLE_CODE = YES;
				CLANG_WARN__DUPLICATE_METHOD_MATCH = YES;
				"CODE_SIGN_IDENTITY[sdk=iphoneos*]" = "iPhone Developer";
				COPY_PHASE_STRIP = NO;
				DEBUG_INFORMATION_FORMAT = "dwarf-with-dsym";
				ENABLE_NS_ASSERTIONS = NO;
				ENABLE_STRICT_OBJC_MSGSEND = YES;
				GCC_C_LANGUAGE_STANDARD = gnu99;
				GCC_NO_COMMON_BLOCKS = YES;
				GCC_WARN_64_TO_32_BIT_CONVERSION = YES;
				GCC_WARN_ABOUT_RETURN_TYPE = YES_ERROR;
				GCC_WARN_UNDECLARED_SELECTOR = YES;
				GCC_WARN_UNINITIALIZED_AUTOS = YES_AGGRESSIVE;
				GCC_WARN_UNUSED_FUNCTION = YES;
				GCC_WARN_UNUSED_VARIABLE = YES;
				IPHONEOS_DEPLOYMENT_TARGET = 10.3;
				MTL_ENABLE_DEBUG_INFO = NO;
				SDKROOT = iphoneos;
				VALIDATE_PRODUCT = YES;
			};
			name = Release;
		};
		CC464D5F1F2DF3DE0099F862 /* Debug */ = {
			isa = XCBuildConfiguration;
			buildSettings = {
				ASSETCATALOG_COMPILER_APPICON_NAME = AppIcon;
				DEVELOPMENT_TEAM = 5XWFH2K223;
				GCC_PRECOMPILE_PREFIX_HEADER = YES;
				GCC_PREFIX_HEADER = "MTWaiMai/MTWaiMai-PrefixHeader.pch";
				INFOPLIST_FILE = MTWaiMai/Info.plist;
				LD_RUNPATH_SEARCH_PATHS = "$(inherited) @executable_path/Frameworks";
				PRODUCT_BUNDLE_IDENTIFIER = com.relax.MTWaiMai;
				PRODUCT_NAME = "$(TARGET_NAME)";
			};
			name = Debug;
		};
		CC464D601F2DF3DE0099F862 /* Release */ = {
			isa = XCBuildConfiguration;
			buildSettings = {
				ASSETCATALOG_COMPILER_APPICON_NAME = AppIcon;
				DEVELOPMENT_TEAM = 5XWFH2K223;
				GCC_PRECOMPILE_PREFIX_HEADER = YES;
				GCC_PREFIX_HEADER = "MTWaiMai/MTWaiMai-PrefixHeader.pch";
				INFOPLIST_FILE = MTWaiMai/Info.plist;
				LD_RUNPATH_SEARCH_PATHS = "$(inherited) @executable_path/Frameworks";
				PRODUCT_BUNDLE_IDENTIFIER = com.relax.MTWaiMai;
				PRODUCT_NAME = "$(TARGET_NAME)";
			};
			name = Release;
		};
/* End XCBuildConfiguration section */

/* Begin XCConfigurationList section */
		CC464D421F2DF3DE0099F862 /* Build configuration list for PBXProject "MTWaiMai" */ = {
			isa = XCConfigurationList;
			buildConfigurations = (
				CC464D5C1F2DF3DE0099F862 /* Debug */,
				CC464D5D1F2DF3DE0099F862 /* Release */,
			);
			defaultConfigurationIsVisible = 0;
			defaultConfigurationName = Release;
		};
		CC464D5E1F2DF3DE0099F862 /* Build configuration list for PBXNativeTarget "MTWaiMai" */ = {
			isa = XCConfigurationList;
			buildConfigurations = (
				CC464D5F1F2DF3DE0099F862 /* Debug */,
				CC464D601F2DF3DE0099F862 /* Release */,
			);
			defaultConfigurationIsVisible = 0;
			defaultConfigurationName = Release;
		};
/* End XCConfigurationList section */
	};
	rootObject = CC464D3F1F2DF3DE0099F862 /* Project object */;
}
